
Microsoft Visual Studio Solution File, Format Version 12.00
# Visual Studio Version 16
VisualStudioVersion = 16.0.810.16
MinimumVisualStudioVersion = 10.0.40219.1
Project("{FAE04EC0-301F-11D3-BF4B-00C04F79EFBC}") = "CrawfishApp.Android", "CrawfishApp.Android\CrawfishApp.Android.csproj", "{E1B73B49-D642-44B9-9DCF-2838365992D6}"
EndProject
Project("{FAE04EC0-301F-11D3-BF4B-00C04F79EFBC}") = "CrawfishApp.iOS", "CrawfishApp.iOS\CrawfishApp.iOS.csproj", "{0A49A723-6202-4E02-9A90-9EDB8B2A31C6}"
EndProject
Project("{FAE04EC0-301F-11D3-BF4B-00C04F79EFBC}") = "CrawfishApp", "CrawfishApp\CrawfishApp.csproj", "{981EAD49-874D-42BA-B15C-2B41BEC82ED8}"
EndProject
Global
	GlobalSection(SolutionConfigurationPlatforms) = preSolution
		Debug|Any CPU = Debug|Any CPU
		Release|Any CPU = Release|Any CPU
		Debug|iPhoneSimulator = Debug|iPhoneSimulator
		Release|iPhoneSimulator = Release|iPhoneSimulator
		Debug|iPhone = Debug|iPhone
		Release|iPhone = Release|iPhone
	EndGlobalSection
	GlobalSection(ProjectConfigurationPlatforms) = postSolution
		{E1B73B49-D642-44B9-9DCF-2838365992D6}.Debug|Any CPU.ActiveCfg = Debug|Any CPU
		{E1B73B49-D642-44B9-9DCF-2838365992D6}.Debug|Any CPU.Build.0 = Debug|Any CPU
		{E1B73B49-D642-44B9-9DCF-2838365992D6}.Release|Any CPU.ActiveCfg = Release|Any CPU
		{E1B73B49-D642-44B9-9DCF-2838365992D6}.Release|Any CPU.Build.0 = Release|Any CPU
		{E1B73B49-D642-44B9-9DCF-2838365992D6}.Debug|iPhoneSimulator.ActiveCfg = Debug|Any CPU
		{E1B73B49-D642-44B9-9DCF-2838365992D6}.Debug|iPhoneSimulator.Build.0 = Debug|Any CPU
		{E1B73B49-D642-44B9-9DCF-2838365992D6}.Release|iPhoneSimulator.ActiveCfg = Release|Any CPU
		{E1B73B49-D642-44B9-9DCF-2838365992D6}.Release|iPhoneSimulator.Build.0 = Release|Any CPU
		{E1B73B49-D642-44B9-9DCF-2838365992D6}.Debug|iPhone.ActiveCfg = Debug|Any CPU
		{E1B73B49-D642-44B9-9DCF-2838365992D6}.Debug|iPhone.Build.0 = Debug|Any CPU
		{E1B73B49-D642-44B9-9DCF-2838365992D6}.Release|iPhone.ActiveCfg = Release|Any CPU
		{E1B73B49-D642-44B9-9DCF-2838365992D6}.Release|iPhone.Build.0 = Release|Any CPU
		{0A49A723-6202-4E02-9A90-9EDB8B2A31C6}.Debug|Any CPU.ActiveCfg = Debug|iPhoneSimulator
		{0A49A723-6202-4E02-9A90-9EDB8B2A31C6}.Debug|Any CPU.Build.0 = Debug|iPhoneSimulator
		{0A49A723-6202-4E02-9A90-9EDB8B2A31C6}.Release|Any CPU.ActiveCfg = Release|iPhoneSimulator
		{0A49A723-6202-4E02-9A90-9EDB8B2A31C6}.Release|Any CPU.Build.0 = Release|iPhoneSimulator
		{0A49A723-6202-4E02-9A90-9EDB8B2A31C6}.Debug|iPhoneSimulator.ActiveCfg = Debug|iPhoneSimulator
		{0A49A723-6202-4E02-9A90-9EDB8B2A31C6}.Debug|iPhoneSimulator.Build.0 = Debug|iPhoneSimulator
		{0A49A723-6202-4E02-9A90-9EDB8B2A31C6}.Release|iPhoneSimulator.ActiveCfg = Release|iPhoneSimulator
		{0A49A723-6202-4E02-9A90-9EDB8B2A31C6}.Release|iPhoneSimulator.Build.0 = Release|iPhoneSimulator
		{0A49A723-6202-4E02-9A90-9EDB8B2A31C6}.Debug|iPhone.ActiveCfg = Debug|iPhone
		{0A49A723-6202-4E02-9A90-9EDB8B2A31C6}.Debug|iPhone.Build.0 = Debug|iPhone
		{0A49A723-6202-4E02-9A90-9EDB8B2A31C6}.Release|iPhone.ActiveCfg = Release|iPhone
		{0A49A723-6202-4E02-9A90-9EDB8B2A31C6}.Release|iPhone.Build.0 = Release|iPhone
		{981EAD49-874D-42BA-B15C-2B41BEC82ED8}.Debug|Any CPU.ActiveCfg = Debug|Any CPU
		{981EAD49-874D-42BA-B15C-2B41BEC82ED8}.Debug|Any CPU.Build.0 = Debug|Any CPU
		{981EAD49-874D-42BA-B15C-2B41BEC82ED8}.Release|Any CPU.ActiveCfg = Release|Any CPU
		{981EAD49-874D-42BA-B15C-2B41BEC82ED8}.Release|Any CPU.Build.0 = Release|Any CPU
		{981EAD49-874D-42BA-B15C-2B41BEC82ED8}.Debug|iPhoneSimulator.ActiveCfg = Debug|Any CPU
		{981EAD49-874D-42BA-B15C-2B41BEC82ED8}.Debug|iPhoneSimulator.Build.0 = Debug|Any CPU
		{981EAD49-874D-42BA-B15C-2B41BEC82ED8}.Release|iPhoneSimulator.ActiveCfg = Release|Any CPU
		{981EAD49-874D-42BA-B15C-2B41BEC82ED8}.Release|iPhoneSimulator.Build.0 = Release|Any CPU
		{981EAD49-874D-42BA-B15C-2B41BEC82ED8}.Debug|iPhone.ActiveCfg = Debug|Any CPU
		{981EAD49-874D-42BA-B15C-2B41BEC82ED8}.Debug|iPhone.Build.0 = Debug|Any CPU
		{981EAD49-874D-42BA-B15C-2B41BEC82ED8}.Release|iPhone.ActiveCfg = Release|Any CPU
		{981EAD49-874D-42BA-B15C-2B41BEC82ED8}.Release|iPhone.Build.0 = Release|Any CPU
	EndGlobalSection
	GlobalSection(SolutionProperties) = preSolution
		HideSolutionNode = FALSE
	EndGlobalSection
	GlobalSection(ExtensibilityGlobals) = postSolution
		SolutionGuid = {C1E1E562-09EB-42C9-9F77-E5620E763656}
	EndGlobalSection
EndGlobal
